
Microsoft Visual Studio Solution File, Format Version 12.00
# Visual Studio Version 17
VisualStudioVersion = 17.8.34330.188
MinimumVisualStudioVersion = 10.0.40219.1
Project("{9A19103F-16F7-4668-BE54-9A1E7A4F7556}") = "WebTeamHost", "WebTeamHost\WebTeamHost.csproj", "{783D93B1-EF0B-4BAE-8788-7F0774D8B503}"
EndProject
Project("{2150E333-8FDC-42A3-9474-1A3956D46DE8}") = "Core", "Core", "{0DCEFFC3-884B-42B4-9708-6FE8BE0C6AB2}"
EndProject
Project("{9A19103F-16F7-4668-BE54-9A1E7A4F7556}") = "WebTeamHost.Application", "CleanArchotecture.Application\WebTeamHost.Application.csproj", "{AEA3391A-66F2-4144-A4BA-907C6B70D5B7}"
EndProject
Project("{2150E333-8FDC-42A3-9474-1A3956D46DE8}") = "Infrastructure", "Infrastructure", "{FABFB426-73B2-4121-BD7B-843F2F6D0CB4}"
EndProject
Project("{2150E333-8FDC-42A3-9474-1A3956D46DE8}") = "Presentation", "Presentation", "{7D4BF1EC-7ED2-45A8-AC53-C81D8785D930}"
EndProject
Project("{2150E333-8FDC-42A3-9474-1A3956D46DE8}") = "Shared", "Shared", "{6356E122-114E-417B-9A42-19F8FA12BE2C}"
EndProject
Project("{9A19103F-16F7-4668-BE54-9A1E7A4F7556}") = "WebTeamHost.Domain", "WebTeamHost.Domain\WebTeamHost.Domain.csproj", "{91942EFC-BEA6-4237-8A80-230BE7A22138}"
EndProject
Project("{9A19103F-16F7-4668-BE54-9A1E7A4F7556}") = "WebTeamHost.Infrastructure", "WebTeamHost.Infrastructure\WebTeamHost.Infrastructure.csproj", "{A1B769D3-9EF6-4CCC-AC5F-9CE9DD57DBB6}"
EndProject
Project("{9A19103F-16F7-4668-BE54-9A1E7A4F7556}") = "WebTeamHost.Persistance", "WebTeamHost.Persistance\WebTeamHost.Persistance.csproj", "{531A77FA-2B7B-4F04-918C-60CA85AC360C}"
EndProject
Project("{9A19103F-16F7-4668-BE54-9A1E7A4F7556}") = "WebTeamHost.Shared", "WebTeamHost.Shared\WebTeamHost.Shared.csproj", "{6706D750-AE0B-4A4F-8420-AF7A5E71B42D}"
EndProject
Project("{9A19103F-16F7-4668-BE54-9A1E7A4F7556}") = "TeamHost-Project", "..\..\sem 4 ORIS\TeamHost-Project\TeamHost-Project\TeamHost-Project.csproj", "{1DF0B5F9-CD74-4E65-B02E-0EEFCDFF3F26}"
EndProject
Project("{9A19103F-16F7-4668-BE54-9A1E7A4F7556}") = "TeamHost", "..\lesson TeamHost\TeamHost\TeamHost.csproj", "{25D6185E-2EBC-4532-9755-FD4A312E402E}"
EndProject
Project("{9A19103F-16F7-4668-BE54-9A1E7A4F7556}") = "WebTeamHost.Identity", "WebTeamHost.Identity\WebTeamHost.Identity.csproj", "{629640EB-D777-4CB4-B892-525ED45528F5}"
EndProject
Project("{FAE04EC0-301F-11D3-BF4B-00C04F79EFBC}") = "WebTeamHost.SignalR", "WebTeamHost.SignalR\WebTeamHost.SignalR.csproj", "{A5647AB8-E662-46F4-A0E7-FBF8FA5C23FA}"
EndProject
Global
	GlobalSection(SolutionConfigurationPlatforms) = preSolution
		Debug|Any CPU = Debug|Any CPU
		Release|Any CPU = Release|Any CPU
	EndGlobalSection
	GlobalSection(ProjectConfigurationPlatforms) = postSolution
		{783D93B1-EF0B-4BAE-8788-7F0774D8B503}.Debug|Any CPU.ActiveCfg = Debug|Any CPU
		{783D93B1-EF0B-4BAE-8788-7F0774D8B503}.Debug|Any CPU.Build.0 = Debug|Any CPU
		{783D93B1-EF0B-4BAE-8788-7F0774D8B503}.Release|Any CPU.ActiveCfg = Release|Any CPU
		{783D93B1-EF0B-4BAE-8788-7F0774D8B503}.Release|Any CPU.Build.0 = Release|Any CPU
		{AEA3391A-66F2-4144-A4BA-907C6B70D5B7}.Debug|Any CPU.ActiveCfg = Debug|Any CPU
		{AEA3391A-66F2-4144-A4BA-907C6B70D5B7}.Debug|Any CPU.Build.0 = Debug|Any CPU
		{AEA3391A-66F2-4144-A4BA-907C6B70D5B7}.Release|Any CPU.ActiveCfg = Release|Any CPU
		{AEA3391A-66F2-4144-A4BA-907C6B70D5B7}.Release|Any CPU.Build.0 = Release|Any CPU
		{91942EFC-BEA6-4237-8A80-230BE7A22138}.Debug|Any CPU.ActiveCfg = Debug|Any CPU
		{91942EFC-BEA6-4237-8A80-230BE7A22138}.Debug|Any CPU.Build.0 = Debug|Any CPU
		{91942EFC-BEA6-4237-8A80-230BE7A22138}.Release|Any CPU.ActiveCfg = Release|Any CPU
		{91942EFC-BEA6-4237-8A80-230BE7A22138}.Release|Any CPU.Build.0 = Release|Any CPU
		{A1B769D3-9EF6-4CCC-AC5F-9CE9DD57DBB6}.Debug|Any CPU.ActiveCfg = Debug|Any CPU
		{A1B769D3-9EF6-4CCC-AC5F-9CE9DD57DBB6}.Debug|Any CPU.Build.0 = Debug|Any CPU
		{A1B769D3-9EF6-4CCC-AC5F-9CE9DD57DBB6}.Release|Any CPU.ActiveCfg = Release|Any CPU
		{A1B769D3-9EF6-4CCC-AC5F-9CE9DD57DBB6}.Release|Any CPU.Build.0 = Release|Any CPU
		{531A77FA-2B7B-4F04-918C-60CA85AC360C}.Debug|Any CPU.ActiveCfg = Debug|Any CPU
		{531A77FA-2B7B-4F04-918C-60CA85AC360C}.Debug|Any CPU.Build.0 = Debug|Any CPU
		{531A77FA-2B7B-4F04-918C-60CA85AC360C}.Release|Any CPU.ActiveCfg = Release|Any CPU
		{531A77FA-2B7B-4F04-918C-60CA85AC360C}.Release|Any CPU.Build.0 = Release|Any CPU
		{6706D750-AE0B-4A4F-8420-AF7A5E71B42D}.Debug|Any CPU.ActiveCfg = Debug|Any CPU
		{6706D750-AE0B-4A4F-8420-AF7A5E71B42D}.Debug|Any CPU.Build.0 = Debug|Any CPU
		{6706D750-AE0B-4A4F-8420-AF7A5E71B42D}.Release|Any CPU.ActiveCfg = Release|Any CPU
		{6706D750-AE0B-4A4F-8420-AF7A5E71B42D}.Release|Any CPU.Build.0 = Release|Any CPU
		{1DF0B5F9-CD74-4E65-B02E-0EEFCDFF3F26}.Debug|Any CPU.ActiveCfg = Debug|Any CPU
		{1DF0B5F9-CD74-4E65-B02E-0EEFCDFF3F26}.Debug|Any CPU.Build.0 = Debug|Any CPU
		{1DF0B5F9-CD74-4E65-B02E-0EEFCDFF3F26}.Release|Any CPU.ActiveCfg = Release|Any CPU
		{1DF0B5F9-CD74-4E65-B02E-0EEFCDFF3F26}.Release|Any CPU.Build.0 = Release|Any CPU
		{25D6185E-2EBC-4532-9755-FD4A312E402E}.Debug|Any CPU.ActiveCfg = Debug|Any CPU
		{25D6185E-2EBC-4532-9755-FD4A312E402E}.Debug|Any CPU.Build.0 = Debug|Any CPU
		{25D6185E-2EBC-4532-9755-FD4A312E402E}.Release|Any CPU.ActiveCfg = Release|Any CPU
		{25D6185E-2EBC-4532-9755-FD4A312E402E}.Release|Any CPU.Build.0 = Release|Any CPU
		{629640EB-D777-4CB4-B892-525ED45528F5}.Debug|Any CPU.ActiveCfg = Debug|Any CPU
		{629640EB-D777-4CB4-B892-525ED45528F5}.Debug|Any CPU.Build.0 = Debug|Any CPU
		{629640EB-D777-4CB4-B892-525ED45528F5}.Release|Any CPU.ActiveCfg = Release|Any CPU
		{629640EB-D777-4CB4-B892-525ED45528F5}.Release|Any CPU.Build.0 = Release|Any CPU
		{A5647AB8-E662-46F4-A0E7-FBF8FA5C23FA}.Debug|Any CPU.ActiveCfg = Debug|Any CPU
		{A5647AB8-E662-46F4-A0E7-FBF8FA5C23FA}.Debug|Any CPU.Build.0 = Debug|Any CPU
		{A5647AB8-E662-46F4-A0E7-FBF8FA5C23FA}.Release|Any CPU.ActiveCfg = Release|Any CPU
		{A5647AB8-E662-46F4-A0E7-FBF8FA5C23FA}.Release|Any CPU.Build.0 = Release|Any CPU
	EndGlobalSection
	GlobalSection(SolutionProperties) = preSolution
		HideSolutionNode = FALSE
	EndGlobalSection
	GlobalSection(NestedProjects) = preSolution
		{783D93B1-EF0B-4BAE-8788-7F0774D8B503} = {7D4BF1EC-7ED2-45A8-AC53-C81D8785D930}
		{AEA3391A-66F2-4144-A4BA-907C6B70D5B7} = {0DCEFFC3-884B-42B4-9708-6FE8BE0C6AB2}
		{91942EFC-BEA6-4237-8A80-230BE7A22138} = {0DCEFFC3-884B-42B4-9708-6FE8BE0C6AB2}
		{A1B769D3-9EF6-4CCC-AC5F-9CE9DD57DBB6} = {FABFB426-73B2-4121-BD7B-843F2F6D0CB4}
		{531A77FA-2B7B-4F04-918C-60CA85AC360C} = {FABFB426-73B2-4121-BD7B-843F2F6D0CB4}
		{6706D750-AE0B-4A4F-8420-AF7A5E71B42D} = {6356E122-114E-417B-9A42-19F8FA12BE2C}
		{1DF0B5F9-CD74-4E65-B02E-0EEFCDFF3F26} = {7D4BF1EC-7ED2-45A8-AC53-C81D8785D930}
		{25D6185E-2EBC-4532-9755-FD4A312E402E} = {7D4BF1EC-7ED2-45A8-AC53-C81D8785D930}
		{629640EB-D777-4CB4-B892-525ED45528F5} = {FABFB426-73B2-4121-BD7B-843F2F6D0CB4}
		{A5647AB8-E662-46F4-A0E7-FBF8FA5C23FA} = {FABFB426-73B2-4121-BD7B-843F2F6D0CB4}
	EndGlobalSection
	GlobalSection(ExtensibilityGlobals) = postSolution
		SolutionGuid = {68A33B0B-296A-41B4-A05D-823A7A8C88B9}
	EndGlobalSection
EndGlobal
